
Microsoft Visual Studio Solution File, Format Version 12.00
# Visual Studio Version 17
VisualStudioVersion = 17.8.34330.188
MinimumVisualStudioVersion = 10.0.40219.1
Project("{FAE04EC0-301F-11D3-BF4B-00C04F79EFBC}") = "RoomBooking.Domain", "RoomBooking.Domain\RoomBooking.Domain.csproj", "{13EF9A6E-BD51-4A12-B578-F447AC04B320}"
EndProject
Project("{FAE04EC0-301F-11D3-BF4B-00C04F79EFBC}") = "RoomBooking.Core", "RoomBooking.Core\RoomBooking.Core.csproj", "{1C3149A0-A2FE-4722-ADF9-C42CC777A12A}"
EndProject
Project("{FAE04EC0-301F-11D3-BF4B-00C04F79EFBC}") = "RoomBooking.Core.Tests", "RoomBooking.Core.Tests\RoomBooking.Core.Tests.csproj", "{F8DDEB04-7C0C-4246-8CAE-F9CD664D0C14}"
EndProject
Project("{FAE04EC0-301F-11D3-BF4B-00C04F79EFBC}") = "RoomBooking.Persistance", "RoomBooking.Persistance\RoomBooking.Persistance.csproj", "{6097E0F7-A79C-429E-8739-37D465791129}"
EndProject
Project("{FAE04EC0-301F-11D3-BF4B-00C04F79EFBC}") = "RommBooking.Persistance.Tests", "RommBooking.Persistance.Tests\RommBooking.Persistance.Tests.csproj", "{61B40935-18C8-40AB-9458-60B045476E91}"
EndProject
Project("{FAE04EC0-301F-11D3-BF4B-00C04F79EFBC}") = "RoomBooking.API", "RoomBooking.API\RoomBooking.API.csproj", "{33F740F7-E953-446C-B0D1-2D836AF7A918}"
EndProject
Project("{FAE04EC0-301F-11D3-BF4B-00C04F79EFBC}") = "RoomBooking.API.Tests", "RoomBooking.API.Tests\RoomBooking.API.Tests.csproj", "{ECD93821-E5EC-4964-9AD3-86ADA9F3A9CA}"
EndProject
Global
	GlobalSection(SolutionConfigurationPlatforms) = preSolution
		Debug|Any CPU = Debug|Any CPU
		Release|Any CPU = Release|Any CPU
	EndGlobalSection
	GlobalSection(ProjectConfigurationPlatforms) = postSolution
		{13EF9A6E-BD51-4A12-B578-F447AC04B320}.Debug|Any CPU.ActiveCfg = Debug|Any CPU
		{13EF9A6E-BD51-4A12-B578-F447AC04B320}.Debug|Any CPU.Build.0 = Debug|Any CPU
		{13EF9A6E-BD51-4A12-B578-F447AC04B320}.Release|Any CPU.ActiveCfg = Release|Any CPU
		{13EF9A6E-BD51-4A12-B578-F447AC04B320}.Release|Any CPU.Build.0 = Release|Any CPU
		{1C3149A0-A2FE-4722-ADF9-C42CC777A12A}.Debug|Any CPU.ActiveCfg = Debug|Any CPU
		{1C3149A0-A2FE-4722-ADF9-C42CC777A12A}.Debug|Any CPU.Build.0 = Debug|Any CPU
		{1C3149A0-A2FE-4722-ADF9-C42CC777A12A}.Release|Any CPU.ActiveCfg = Release|Any CPU
		{1C3149A0-A2FE-4722-ADF9-C42CC777A12A}.Release|Any CPU.Build.0 = Release|Any CPU
		{F8DDEB04-7C0C-4246-8CAE-F9CD664D0C14}.Debug|Any CPU.ActiveCfg = Debug|Any CPU
		{F8DDEB04-7C0C-4246-8CAE-F9CD664D0C14}.Debug|Any CPU.Build.0 = Debug|Any CPU
		{F8DDEB04-7C0C-4246-8CAE-F9CD664D0C14}.Release|Any CPU.ActiveCfg = Release|Any CPU
		{F8DDEB04-7C0C-4246-8CAE-F9CD664D0C14}.Release|Any CPU.Build.0 = Release|Any CPU
		{6097E0F7-A79C-429E-8739-37D465791129}.Debug|Any CPU.ActiveCfg = Debug|Any CPU
		{6097E0F7-A79C-429E-8739-37D465791129}.Debug|Any CPU.Build.0 = Debug|Any CPU
		{6097E0F7-A79C-429E-8739-37D465791129}.Release|Any CPU.ActiveCfg = Release|Any CPU
		{6097E0F7-A79C-429E-8739-37D465791129}.Release|Any CPU.Build.0 = Release|Any CPU
		{61B40935-18C8-40AB-9458-60B045476E91}.Debug|Any CPU.ActiveCfg = Debug|Any CPU
		{61B40935-18C8-40AB-9458-60B045476E91}.Debug|Any CPU.Build.0 = Debug|Any CPU
		{61B40935-18C8-40AB-9458-60B045476E91}.Release|Any CPU.ActiveCfg = Release|Any CPU
		{61B40935-18C8-40AB-9458-60B045476E91}.Release|Any CPU.Build.0 = Release|Any CPU
		{33F740F7-E953-446C-B0D1-2D836AF7A918}.Debug|Any CPU.ActiveCfg = Debug|Any CPU
		{33F740F7-E953-446C-B0D1-2D836AF7A918}.Debug|Any CPU.Build.0 = Debug|Any CPU
		{33F740F7-E953-446C-B0D1-2D836AF7A918}.Release|Any CPU.ActiveCfg = Release|Any CPU
		{33F740F7-E953-446C-B0D1-2D836AF7A918}.Release|Any CPU.Build.0 = Release|Any CPU
		{ECD93821-E5EC-4964-9AD3-86ADA9F3A9CA}.Debug|Any CPU.ActiveCfg = Debug|Any CPU
		{ECD93821-E5EC-4964-9AD3-86ADA9F3A9CA}.Debug|Any CPU.Build.0 = Debug|Any CPU
		{ECD93821-E5EC-4964-9AD3-86ADA9F3A9CA}.Release|Any CPU.ActiveCfg = Release|Any CPU
		{ECD93821-E5EC-4964-9AD3-86ADA9F3A9CA}.Release|Any CPU.Build.0 = Release|Any CPU
	EndGlobalSection
	GlobalSection(SolutionProperties) = preSolution
		HideSolutionNode = FALSE
	EndGlobalSection
	GlobalSection(ExtensibilityGlobals) = postSolution
		SolutionGuid = {0DC4BFAF-3591-4249-A780-4A747811AF53}
	EndGlobalSection
EndGlobal
