
Microsoft Visual Studio Solution File, Format Version 12.00
# Visual Studio Version 17
VisualStudioVersion = 17.8.34330.188
MinimumVisualStudioVersion = 10.0.40219.1
Project("{FAE04EC0-301F-11D3-BF4B-00C04F79EFBC}") = "AccountCoreLib", "AccountCoreLib\AccountCoreLib.csproj", "{9435810C-C021-45CA-8E0E-BC16899F3F59}"
EndProject
Project("{FAE04EC0-301F-11D3-BF4B-00C04F79EFBC}") = "AccountCoreLib.Tests", "AccountCoreLib.Tests\AccountCoreLib.Tests.csproj", "{062DFCDE-679E-43ED-983A-5C68F864861E}"
EndProject
Global
	GlobalSection(SolutionConfigurationPlatforms) = preSolution
		Debug|Any CPU = Debug|Any CPU
		Release|Any CPU = Release|Any CPU
	EndGlobalSection
	GlobalSection(ProjectConfigurationPlatforms) = postSolution
		{9435810C-C021-45CA-8E0E-BC16899F3F59}.Debug|Any CPU.ActiveCfg = Debug|Any CPU
		{9435810C-C021-45CA-8E0E-BC16899F3F59}.Debug|Any CPU.Build.0 = Debug|Any CPU
		{9435810C-C021-45CA-8E0E-BC16899F3F59}.Release|Any CPU.ActiveCfg = Release|Any CPU
		{9435810C-C021-45CA-8E0E-BC16899F3F59}.Release|Any CPU.Build.0 = Release|Any CPU
		{062DFCDE-679E-43ED-983A-5C68F864861E}.Debug|Any CPU.ActiveCfg = Debug|Any CPU
		{062DFCDE-679E-43ED-983A-5C68F864861E}.Debug|Any CPU.Build.0 = Debug|Any CPU
		{062DFCDE-679E-43ED-983A-5C68F864861E}.Release|Any CPU.ActiveCfg = Release|Any CPU
		{062DFCDE-679E-43ED-983A-5C68F864861E}.Release|Any CPU.Build.0 = Release|Any CPU
	EndGlobalSection
	GlobalSection(SolutionProperties) = preSolution
		HideSolutionNode = FALSE
	EndGlobalSection
	GlobalSection(ExtensibilityGlobals) = postSolution
		SolutionGuid = {0B9DA11C-A31E-41BE-8B27-611098565B3A}
	EndGlobalSection
EndGlobal
